
Microsoft Visual Studio Solution File, Format Version 12.00
# Visual Studio Version 17
VisualStudioVersion = 17.14.36429.23 d17.14
MinimumVisualStudioVersion = 10.0.40219.1
Project("{FAE04EC0-301F-11D3-BF4B-00C04F79EFBC}") = "pryPereiroAcademiaDeMusicaSP2", "pryPereiroAcademiaDeMusicaSP2\pryPereiroAcademiaDeMusicaSP2.csproj", "{634C78B0-74C3-4167-ABB8-A99900AEA02B}"
EndProject
Global
	GlobalSection(SolutionConfigurationPlatforms) = preSolution
		Debug|Any CPU = Debug|Any CPU
		Release|Any CPU = Release|Any CPU
	EndGlobalSection
	GlobalSection(ProjectConfigurationPlatforms) = postSolution
		{634C78B0-74C3-4167-ABB8-A99900AEA02B}.Debug|Any CPU.ActiveCfg = Debug|Any CPU
		{634C78B0-74C3-4167-ABB8-A99900AEA02B}.Debug|Any CPU.Build.0 = Debug|Any CPU
		{634C78B0-74C3-4167-ABB8-A99900AEA02B}.Release|Any CPU.ActiveCfg = Release|Any CPU
		{634C78B0-74C3-4167-ABB8-A99900AEA02B}.Release|Any CPU.Build.0 = Release|Any CPU
	EndGlobalSection
	GlobalSection(SolutionProperties) = preSolution
		HideSolutionNode = FALSE
	EndGlobalSection
	GlobalSection(ExtensibilityGlobals) = postSolution
		SolutionGuid = {80C6B1A4-DACE-4034-8E7D-974FD9BFB6B4}
	EndGlobalSection
EndGlobal
